
Microsoft Visual Studio Solution File, Format Version 12.00
# Visual Studio Version 16
VisualStudioVersion = 16.0.31729.503
MinimumVisualStudioVersion = 10.0.40219.1
Project("{9A19103F-16F7-4668-BE54-9A1E7A4F7556}") = "RecipeMicroService", "RecipeMicroService\RecipeMicroService.csproj", "{AE2F61F7-0452-4845-80BD-8A7F11C8F78F}"
EndProject
Project("{E53339B2-1760-4266-BCC7-CA923CBCF16C}") = "docker-compose", "docker-compose.dcproj", "{0651B7BF-B2DD-4643-8882-08B47B1E85BF}"
EndProject
Global
	GlobalSection(SolutionConfigurationPlatforms) = preSolution
		Debug|Any CPU = Debug|Any CPU
		Release|Any CPU = Release|Any CPU
	EndGlobalSection
	GlobalSection(ProjectConfigurationPlatforms) = postSolution
		{AE2F61F7-0452-4845-80BD-8A7F11C8F78F}.Debug|Any CPU.ActiveCfg = Debug|Any CPU
		{AE2F61F7-0452-4845-80BD-8A7F11C8F78F}.Debug|Any CPU.Build.0 = Debug|Any CPU
		{AE2F61F7-0452-4845-80BD-8A7F11C8F78F}.Release|Any CPU.ActiveCfg = Release|Any CPU
		{AE2F61F7-0452-4845-80BD-8A7F11C8F78F}.Release|Any CPU.Build.0 = Release|Any CPU
		{0651B7BF-B2DD-4643-8882-08B47B1E85BF}.Debug|Any CPU.ActiveCfg = Debug|Any CPU
		{0651B7BF-B2DD-4643-8882-08B47B1E85BF}.Debug|Any CPU.Build.0 = Debug|Any CPU
		{0651B7BF-B2DD-4643-8882-08B47B1E85BF}.Release|Any CPU.ActiveCfg = Release|Any CPU
		{0651B7BF-B2DD-4643-8882-08B47B1E85BF}.Release|Any CPU.Build.0 = Release|Any CPU
	EndGlobalSection
	GlobalSection(SolutionProperties) = preSolution
		HideSolutionNode = FALSE
	EndGlobalSection
	GlobalSection(ExtensibilityGlobals) = postSolution
		SolutionGuid = {9B115AEA-4833-4B69-9BD0-A9EF89D5D767}
	EndGlobalSection
EndGlobal
